{
  "name": "contrib-changeset-fixtures",
  "lockfileVersion": 3,
  "requires": true,
  "packages": {
    "": {
      "name": "contrib-changeset-fixtures",
      "dependencies": {
        "@slavevoyages/voyages-contribute": "^0.6.3"
      }
    },
    "node_modules/@slavevoyages/voyages-contribute": {
      "version": "0.6.3",
      "resolved": "https://npm.pkg.github.com/download/@slavevoyages/voyages-contribute/0.6.3/8fe7cf9b04101117d20355437fc4451e337aa57f",
      "integrity": "sha512-cup5yFO0mrwZRtgy8BbuMniP8GUndwwP0mZPgZxtE46URYPC53wyv7SF1ml8lCbGTz+a7L4NA2PlZ8rWo3IrZA=="
    }
  }
}
